{
  "object": {
    "pins": [
      {
        "package": "Vector",
        "repositoryURL": "https://github.com/markuswntr/vector.git",
        "state": {
          "branch": "master",
          "revision": "7ed3bf66a5c45d87c51a1db33bf5dda5632e93ea",
          "version": null
        }
      }
    ]
  },
  "version": 1
}
