{
  "object": {
    "pins": [
      {
        "package": "Vector",
        "repositoryURL": "https://github.com/markuswntr/vector.git",
        "state": {
          "branch": "master",
          "revision": "2073c344198e7228adad8906b384e294a8b4e481",
          "version": null
        }
      }
    ]
  },
  "version": 1
}
